// !$*UTF8*$!
{
	archiveVersion = 1;
	classes = {
	};
	objectVersion = 50;
	objects = {

/* Begin PBXBuildFile section */
		97DA4EBE210B476500DB0315 /* AppDelegate.swift in Sources */ = {isa = PBXBuildFile; fileRef = 97DA4EBD210B476500DB0315 /* AppDelegate.swift */; };
		97DA4EC0210B476500DB0315 /* ViewController.swift in Sources */ = {isa = PBXBuildFile; fileRef = 97DA4EBF210B476500DB0315 /* ViewController.swift */; };
		97DA4EC3210B476500DB0315 /* Main.storyboard in Resources */ = {isa = PBXBuildFile; fileRef = 97DA4EC1210B476500DB0315 /* Main.storyboard */; };
		97DA4EC6210B476500DB0315 /* Home24.xcdatamodeld in Sources */ = {isa = PBXBuildFile; fileRef = 97DA4EC4210B476500DB0315 /* Home24.xcdatamodeld */; };
		97DA4EC8210B476600DB0315 /* Assets.xcassets in Resources */ = {isa = PBXBuildFile; fileRef = 97DA4EC7210B476600DB0315 /* Assets.xcassets */; };
		97DA4ECB210B476600DB0315 /* LaunchScreen.storyboard in Resources */ = {isa = PBXBuildFile; fileRef = 97DA4EC9210B476600DB0315 /* LaunchScreen.storyboard */; };
		97DA4ED6210B476600DB0315 /* Home24Tests.swift in Sources */ = {isa = PBXBuildFile; fileRef = 97DA4ED5210B476600DB0315 /* Home24Tests.swift */; };
		97DA4EE1210B476600DB0315 /* Home24UITests.swift in Sources */ = {isa = PBXBuildFile; fileRef = 97DA4EE0210B476600DB0315 /* Home24UITests.swift */; };
/* End PBXBuildFile section */

/* Begin PBXContainerItemProxy section */
		97DA4ED2210B476600DB0315 /* PBXContainerItemProxy */ = {
			isa = PBXContainerItemProxy;
			containerPortal = 97DA4EB2210B476500DB0315 /* Project object */;
			proxyType = 1;
			remoteGlobalIDString = 97DA4EB9210B476500DB0315;
			remoteInfo = Home24;
		};
		97DA4EDD210B476600DB0315 /* PBXContainerItemProxy */ = {
			isa = PBXContainerItemProxy;
			containerPortal = 97DA4EB2210B476500DB0315 /* Project object */;
			proxyType = 1;
			remoteGlobalIDString = 97DA4EB9210B476500DB0315;
			remoteInfo = Home24;
		};
/* End PBXContainerItemProxy section */

/* Begin PBXFileReference section */
		97DA4EBA210B476500DB0315 /* Home24.app */ = {isa = PBXFileReference; explicitFileType = wrapper.application; includeInIndex = 0; path = Home24.app; sourceTree = BUILT_PRODUCTS_DIR; };
		97DA4EBD210B476500DB0315 /* AppDelegate.swift */ = {isa = PBXFileReference; lastKnownFileType = sourcecode.swift; path = AppDelegate.swift; sourceTree = "<group>"; };
		97DA4EBF210B476500DB0315 /* ViewController.swift */ = {isa = PBXFileReference; lastKnownFileType = sourcecode.swift; path = ViewController.swift; sourceTree = "<group>"; };
		97DA4EC2210B476500DB0315 /* Base */ = {isa = PBXFileReference; lastKnownFileType = file.storyboard; name = Base; path = Base.lproj/Main.storyboard; sourceTree = "<group>"; };
		97DA4EC5210B476500DB0315 /* Home24.xcdatamodel */ = {isa = PBXFileReference; lastKnownFileType = wrapper.xcdatamodel; path = Home24.xcdatamodel; sourceTree = "<group>"; };
		97DA4EC7210B476600DB0315 /* Assets.xcassets */ = {isa = PBXFileReference; lastKnownFileType = folder.assetcatalog; path = Assets.xcassets; sourceTree = "<group>"; };
		97DA4ECA210B476600DB0315 /* Base */ = {isa = PBXFileReference; lastKnownFileType = file.storyboard; name = Base; path = Base.lproj/LaunchScreen.storyboard; sourceTree = "<group>"; };
		97DA4ECC210B476600DB0315 /* Info.plist */ = {isa = PBXFileReference; lastKnownFileType = text.plist.xml; path = Info.plist; sourceTree = "<group>"; };
		97DA4ED1210B476600DB0315 /* Home24Tests.xctest */ = {isa = PBXFileReference; explicitFileType = wrapper.cfbundle; includeInIndex = 0; path = Home24Tests.xctest; sourceTree = BUILT_PRODUCTS_DIR; };
		97DA4ED5210B476600DB0315 /* Home24Tests.swift */ = {isa = PBXFileReference; lastKnownFileType = sourcecode.swift; path = Home24Tests.swift; sourceTree = "<group>"; };
		97DA4ED7210B476600DB0315 /* Info.plist */ = {isa = PBXFileReference; lastKnownFileType = text.plist.xml; path = Info.plist; sourceTree = "<group>"; };
		97DA4EDC210B476600DB0315 /* Home24UITests.xctest */ = {isa = PBXFileReference; explicitFileType = wrapper.cfbundle; includeInIndex = 0; path = Home24UITests.xctest; sourceTree = BUILT_PRODUCTS_DIR; };
		97DA4EE0210B476600DB0315 /* Home24UITests.swift */ = {isa = PBXFileReference; lastKnownFileType = sourcecode.swift; path = Home24UITests.swift; sourceTree = "<group>"; };
		97DA4EE2210B476600DB0315 /* Info.plist */ = {isa = PBXFileReference; lastKnownFileType = text.plist.xml; path = Info.plist; sourceTree = "<group>"; };
/* End PBXFileReference section */

/* Begin PBXFrameworksBuildPhase section */
		97DA4EB7210B476500DB0315 /* Frameworks */ = {
			isa = PBXFrameworksBuildPhase;
			buildActionMask = 2147483647;
			files = (
			);
			runOnlyForDeploymentPostprocessing = 0;
		};
		97DA4ECE210B476600DB0315 /* Frameworks */ = {
			isa = PBXFrameworksBuildPhase;
			buildActionMask = 2147483647;
			files = (
			);
			runOnlyForDeploymentPostprocessing = 0;
		};
		97DA4ED9210B476600DB0315 /* Frameworks */ = {
			isa = PBXFrameworksBuildPhase;
			buildActionMask = 2147483647;
			files = (
			);
			runOnlyForDeploymentPostprocessing = 0;
		};
/* End PBXFrameworksBuildPhase section */

/* Begin PBXGroup section */
		97DA4EB1210B476500DB0315 = {
			isa = PBXGroup;
			children = (
				97DA4EBC210B476500DB0315 /* Home24 */,
				97DA4ED4210B476600DB0315 /* Home24Tests */,
				97DA4EDF210B476600DB0315 /* Home24UITests */,
				97DA4EBB210B476500DB0315 /* Products */,
			);
			sourceTree = "<group>";
		};
		97DA4EBB210B476500DB0315 /* Products */ = {
			isa = PBXGroup;
			children = (
				97DA4EBA210B476500DB0315 /* Home24.app */,
				97DA4ED1210B476600DB0315 /* Home24Tests.xctest */,
				97DA4EDC210B476600DB0315 /* Home24UITests.xctest */,
			);
			name = Products;
			sourceTree = "<group>";
		};
		97DA4EBC210B476500DB0315 /* Home24 */ = {
			isa = PBXGroup;
			children = (
				97DA4EBD210B476500DB0315 /* AppDelegate.swift */,
				97DA4EBF210B476500DB0315 /* ViewController.swift */,
				97DA4EC1210B476500DB0315 /* Main.storyboard */,
				97DA4EC7210B476600DB0315 /* Assets.xcassets */,
				97DA4EC9210B476600DB0315 /* LaunchScreen.storyboard */,
				97DA4ECC210B476600DB0315 /* Info.plist */,
				97DA4EC4210B476500DB0315 /* Home24.xcdatamodeld */,
			);
			path = Home24;
			sourceTree = "<group>";
		};
		97DA4ED4210B476600DB0315 /* Home24Tests */ = {
			isa = PBXGroup;
			children = (
				97DA4ED5210B476600DB0315 /* Home24Tests.swift */,
				97DA4ED7210B476600DB0315 /* Info.plist */,
			);
			path = Home24Tests;
			sourceTree = "<group>";
		};
		97DA4EDF210B476600DB0315 /* Home24UITests */ = {
			isa = PBXGroup;
			children = (
				97DA4EE0210B476600DB0315 /* Home24UITests.swift */,
				97DA4EE2210B476600DB0315 /* Info.plist */,
			);
			path = Home24UITests;
			sourceTree = "<group>";
		};
/* End PBXGroup section */

/* Begin PBXNativeTarget section */
		97DA4EB9210B476500DB0315 /* Home24 */ = {
			isa = PBXNativeTarget;
			buildConfigurationList = 97DA4EE5210B476600DB0315 /* Build configuration list for PBXNativeTarget "Home24" */;
			buildPhases = (
				97DA4EB6210B476500DB0315 /* Sources */,
				97DA4EB7210B476500DB0315 /* Frameworks */,
				97DA4EB8210B476500DB0315 /* Resources */,
			);
			buildRules = (
			);
			dependencies = (
			);
			name = Home24;
			productName = Home24;
			productReference = 97DA4EBA210B476500DB0315 /* Home24.app */;
			productType = "com.apple.product-type.application";
		};
		97DA4ED0210B476600DB0315 /* Home24Tests */ = {
			isa = PBXNativeTarget;
			buildConfigurationList = 97DA4EE8210B476600DB0315 /* Build configuration list for PBXNativeTarget "Home24Tests" */;
			buildPhases = (
				97DA4ECD210B476600DB0315 /* Sources */,
				97DA4ECE210B476600DB0315 /* Frameworks */,
				97DA4ECF210B476600DB0315 /* Resources */,
			);
			buildRules = (
			);
			dependencies = (
				97DA4ED3210B476600DB0315 /* PBXTargetDependency */,
			);
			name = Home24Tests;
			productName = Home24Tests;
			productReference = 97DA4ED1210B476600DB0315 /* Home24Tests.xctest */;
			productType = "com.apple.product-type.bundle.unit-test";
		};
		97DA4EDB210B476600DB0315 /* Home24UITests */ = {
			isa = PBXNativeTarget;
			buildConfigurationList = 97DA4EEB210B476600DB0315 /* Build configuration list for PBXNativeTarget "Home24UITests" */;
			buildPhases = (
				97DA4ED8210B476600DB0315 /* Sources */,
				97DA4ED9210B476600DB0315 /* Frameworks */,
				97DA4EDA210B476600DB0315 /* Resources */,
			);
			buildRules = (
			);
			dependencies = (
				97DA4EDE210B476600DB0315 /* PBXTargetDependency */,
			);
			name = Home24UITests;
			productName = Home24UITests;
			productReference = 97DA4EDC210B476600DB0315 /* Home24UITests.xctest */;
			productType = "com.apple.product-type.bundle.ui-testing";
		};
/* End PBXNativeTarget section */

/* Begin PBXProject section */
		97DA4EB2210B476500DB0315 /* Project object */ = {
			isa = PBXProject;
			attributes = {
				LastSwiftUpdateCheck = 0940;
				LastUpgradeCheck = 0940;
				ORGANIZATIONNAME = "Ghorpade, Naveen (415)";
				TargetAttributes = {
					97DA4EB9210B476500DB0315 = {
						CreatedOnToolsVersion = 9.4.1;
					};
					97DA4ED0210B476600DB0315 = {
						CreatedOnToolsVersion = 9.4.1;
						TestTargetID = 97DA4EB9210B476500DB0315;
					};
					97DA4EDB210B476600DB0315 = {
						CreatedOnToolsVersion = 9.4.1;
						TestTargetID = 97DA4EB9210B476500DB0315;
					};
				};
			};
			buildConfigurationList = 97DA4EB5210B476500DB0315 /* Build configuration list for PBXProject "Home24" */;
			compatibilityVersion = "Xcode 9.3";
			developmentRegion = en;
			hasScannedForEncodings = 0;
			knownRegions = (
				en,
				Base,
			);
			mainGroup = 97DA4EB1210B476500DB0315;
			productRefGroup = 97DA4EBB210B476500DB0315 /* Products */;
			projectDirPath = "";
			projectRoot = "";
			targets = (
				97DA4EB9210B476500DB0315 /* Home24 */,
				97DA4ED0210B476600DB0315 /* Home24Tests */,
				97DA4EDB210B476600DB0315 /* Home24UITests */,
			);
		};
/* End PBXProject section */

/* Begin PBXResourcesBuildPhase section */
		97DA4EB8210B476500DB0315 /* Resources */ = {
			isa = PBXResourcesBuildPhase;
			buildActionMask = 2147483647;
			files = (
				97DA4ECB210B476600DB0315 /* LaunchScreen.storyboard in Resources */,
				97DA4EC8210B476600DB0315 /* Assets.xcassets in Resources */,
				97DA4EC3210B476500DB0315 /* Main.storyboard in Resources */,
			);
			runOnlyForDeploymentPostprocessing = 0;
		};
		97DA4ECF210B476600DB0315 /* Resources */ = {
			isa = PBXResourcesBuildPhase;
			buildActionMask = 2147483647;
			files = (
			);
			runOnlyForDeploymentPostprocessing = 0;
		};
		97DA4EDA210B476600DB0315 /* Resources */ = {
			isa = PBXResourcesBuildPhase;
			buildActionMask = 2147483647;
			files = (
			);
			runOnlyForDeploymentPostprocessing = 0;
		};
/* End PBXResourcesBuildPhase section */

/* Begin PBXSourcesBuildPhase section */
		97DA4EB6210B476500DB0315 /* Sources */ = {
			isa = PBXSourcesBuildPhase;
			buildActionMask = 2147483647;
			files = (
				97DA4EC0210B476500DB0315 /* ViewController.swift in Sources */,
				97DA4EC6210B476500DB0315 /* Home24.xcdatamodeld in Sources */,
				97DA4EBE210B476500DB0315 /* AppDelegate.swift in Sources */,
			);
			runOnlyForDeploymentPostprocessing = 0;
		};
		97DA4ECD210B476600DB0315 /* Sources */ = {
			isa = PBXSourcesBuildPhase;
			buildActionMask = 2147483647;
			files = (
				97DA4ED6210B476600DB0315 /* Home24Tests.swift in Sources */,
			);
			runOnlyForDeploymentPostprocessing = 0;
		};
		97DA4ED8210B476600DB0315 /* Sources */ = {
			isa = PBXSourcesBuildPhase;
			buildActionMask = 2147483647;
			files = (
				97DA4EE1210B476600DB0315 /* Home24UITests.swift in Sources */,
			);
			runOnlyForDeploymentPostprocessing = 0;
		};
/* End PBXSourcesBuildPhase section */

/* Begin PBXTargetDependency section */
		97DA4ED3210B476600DB0315 /* PBXTargetDependency */ = {
			isa = PBXTargetDependency;
			target = 97DA4EB9210B476500DB0315 /* Home24 */;
			targetProxy = 97DA4ED2210B476600DB0315 /* PBXContainerItemProxy */;
		};
		97DA4EDE210B476600DB0315 /* PBXTargetDependency */ = {
			isa = PBXTargetDependency;
			target = 97DA4EB9210B476500DB0315 /* Home24 */;
			targetProxy = 97DA4EDD210B476600DB0315 /* PBXContainerItemProxy */;
		};
/* End PBXTargetDependency section */

/* Begin PBXVariantGroup section */
		97DA4EC1210B476500DB0315 /* Main.storyboard */ = {
			isa = PBXVariantGroup;
			children = (
				97DA4EC2210B476500DB0315 /* Base */,
			);
			name = Main.storyboard;
			sourceTree = "<group>";
		};
		97DA4EC9210B476600DB0315 /* LaunchScreen.storyboard */ = {
			isa = PBXVariantGroup;
			children = (
				97DA4ECA210B476600DB0315 /* Base */,
			);
			name = LaunchScreen.storyboard;
			sourceTree = "<group>";
		};
/* End PBXVariantGroup section */

/* Begin XCBuildConfiguration section */
		97DA4EE3210B476600DB0315 /* Debug */ = {
			isa = XCBuildConfiguration;
			buildSettings = {
				ALWAYS_SEARCH_USER_PATHS = NO;
				CLANG_ANALYZER_NONNULL = YES;
				CLANG_ANALYZER_NUMBER_OBJECT_CONVERSION = YES_AGGRESSIVE;
				CLANG_CXX_LANGUAGE_STANDARD = "gnu++14";
				CLANG_CXX_LIBRARY = "libc++";
				CLANG_ENABLE_MODULES = YES;
				CLANG_ENABLE_OBJC_ARC = YES;
				CLANG_ENABLE_OBJC_WEAK = YES;
				CLANG_WARN_BLOCK_CAPTURE_AUTORELEASING = YES;
				CLANG_WARN_BOOL_CONVERSION = YES;
				CLANG_WARN_COMMA = YES;
				CLANG_WARN_CONSTANT_CONVERSION = YES;
				CLANG_WARN_DEPRECATED_OBJC_IMPLEMENTATIONS = YES;
				CLANG_WARN_DIRECT_OBJC_ISA_USAGE = YES_ERROR;
				CLANG_WARN_DOCUMENTATION_COMMENTS = YES;
				CLANG_WARN_EMPTY_BODY = YES;
				CLANG_WARN_ENUM_CONVERSION = YES;
				CLANG_WARN_INFINITE_RECURSION = YES;
				CLANG_WARN_INT_CONVERSION = YES;
				CLANG_WARN_NON_LITERAL_NULL_CONVERSION = YES;
				CLANG_WARN_OBJC_IMPLICIT_RETAIN_SELF = YES;
				CLANG_WARN_OBJC_LITERAL_CONVERSION = YES;
				CLANG_WARN_OBJC_ROOT_CLASS = YES_ERROR;
				CLANG_WARN_RANGE_LOOP_ANALYSIS = YES;
				CLANG_WARN_STRICT_PROTOTYPES = YES;
				CLANG_WARN_SUSPICIOUS_MOVE = YES;
				CLANG_WARN_UNGUARDED_AVAILABILITY = YES_AGGRESSIVE;
				CLANG_WARN_UNREACHABLE_CODE = YES;
				CLANG_WARN__DUPLICATE_METHOD_MATCH = YES;
				CODE_SIGN_IDENTITY = "iPhone Developer";
				COPY_PHASE_STRIP = NO;
				DEBUG_INFORMATION_FORMAT = dwarf;
				ENABLE_STRICT_OBJC_MSGSEND = YES;
				ENABLE_TESTABILITY = YES;
				GCC_C_LANGUAGE_STANDARD = gnu11;
				GCC_DYNAMIC_NO_PIC = NO;
				GCC_NO_COMMON_BLOCKS = YES;
				GCC_OPTIMIZATION_LEVEL = 0;
				GCC_PREPROCESSOR_DEFINITIONS = (
					"DEBUG=1",
					"$(inherited)",
				);
				GCC_WARN_64_TO_32_BIT_CONVERSION = YES;
				GCC_WARN_ABOUT_RETURN_TYPE = YES_ERROR;
				GCC_WARN_UNDECLARED_SELECTOR = YES;
				GCC_WARN_UNINITIALIZED_AUTOS = YES_AGGRESSIVE;
				GCC_WARN_UNUSED_FUNCTION = YES;
				GCC_WARN_UNUSED_VARIABLE = YES;
				IPHONEOS_DEPLOYMENT_TARGET = 11.4;
				MTL_ENABLE_DEBUG_INFO = YES;
				ONLY_ACTIVE_ARCH = YES;
				SDKROOT = iphoneos;
				SWIFT_ACTIVE_COMPILATION_CONDITIONS = DEBUG;
				SWIFT_OPTIMIZATION_LEVEL = "-Onone";
			};
			name = Debug;
		};
		97DA4EE4210B476600DB0315 /* Release */ = {
			isa = XCBuildConfiguration;
			buildSettings = {
				ALWAYS_SEARCH_USER_PATHS = NO;
				CLANG_ANALYZER_NONNULL = YES;
				CLANG_ANALYZER_NUMBER_OBJECT_CONVERSION = YES_AGGRESSIVE;
				CLANG_CXX_LANGUAGE_STANDARD = "gnu++14";
				CLANG_CXX_LIBRARY = "libc++";
				CLANG_ENABLE_MODULES = YES;
				CLANG_ENABLE_OBJC_ARC = YES;
				CLANG_ENABLE_OBJC_WEAK = YES;
				CLANG_WARN_BLOCK_CAPTURE_AUTORELEASING = YES;
				CLANG_WARN_BOOL_CONVERSION = YES;
				CLANG_WARN_COMMA = YES;
				CLANG_WARN_CONSTANT_CONVERSION = YES;
				CLANG_WARN_DEPRECATED_OBJC_IMPLEMENTATIONS = YES;
				CLANG_WARN_DIRECT_OBJC_ISA_USAGE = YES_ERROR;
				CLANG_WARN_DOCUMENTATION_COMMENTS = YES;
				CLANG_WARN_EMPTY_BODY = YES;
				CLANG_WARN_ENUM_CONVERSION = YES;
				CLANG_WARN_INFINITE_RECURSION = YES;
				CLANG_WARN_INT_CONVERSION = YES;
				CLANG_WARN_NON_LITERAL_NULL_CONVERSION = YES;
				CLANG_WARN_OBJC_IMPLICIT_RETAIN_SELF = YES;
				CLANG_WARN_OBJC_LITERAL_CONVERSION = YES;
				CLANG_WARN_OBJC_ROOT_CLASS = YES_ERROR;
				CLANG_WARN_RANGE_LOOP_ANALYSIS = YES;
				CLANG_WARN_STRICT_PROTOTYPES = YES;
				CLANG_WARN_SUSPICIOUS_MOVE = YES;
				CLANG_WARN_UNGUARDED_AVAILABILITY = YES_AGGRESSIVE;
				CLANG_WARN_UNREACHABLE_CODE = YES;
				CLANG_WARN__DUPLICATE_METHOD_MATCH = YES;
				CODE_SIGN_IDENTITY = "iPhone Developer";
				COPY_PHASE_STRIP = NO;
				DEBUG_INFORMATION_FORMAT = "dwarf-with-dsym";
				ENABLE_NS_ASSERTIONS = NO;
				ENABLE_STRICT_OBJC_MSGSEND = YES;
				GCC_C_LANGUAGE_STANDARD = gnu11;
				GCC_NO_COMMON_BLOCKS = YES;
				GCC_WARN_64_TO_32_BIT_CONVERSION = YES;
				GCC_WARN_ABOUT_RETURN_TYPE = YES_ERROR;
				GCC_WARN_UNDECLARED_SELECTOR = YES;
				GCC_WARN_UNINITIALIZED_AUTOS = YES_AGGRESSIVE;
				GCC_WARN_UNUSED_FUNCTION = YES;
				GCC_WARN_UNUSED_VARIABLE = YES;
				IPHONEOS_DEPLOYMENT_TARGET = 11.4;
				MTL_ENABLE_DEBUG_INFO = NO;
				SDKROOT = iphoneos;
				SWIFT_COMPILATION_MODE = wholemodule;
				SWIFT_OPTIMIZATION_LEVEL = "-O";
				VALIDATE_PRODUCT = YES;
			};
			name = Release;
		};
		97DA4EE6210B476600DB0315 /* Debug */ = {
			isa = XCBuildConfiguration;
			buildSettings = {
				ASSETCATALOG_COMPILER_APPICON_NAME = AppIcon;
				CODE_SIGN_STYLE = Automatic;
				INFOPLIST_FILE = Home24/Info.plist;
				LD_RUNPATH_SEARCH_PATHS = (
					"$(inherited)",
					"@executable_path/Frameworks",
				);
				PRODUCT_BUNDLE_IDENTIFIER = test.Home24;
				PRODUCT_NAME = "$(TARGET_NAME)";
				SWIFT_VERSION = 4.0;
				TARGETED_DEVICE_FAMILY = "1,2";
			};
			name = Debug;
		};
		97DA4EE7210B476600DB0315 /* Release */ = {
			isa = XCBuildConfiguration;
			buildSettings = {
				ASSETCATALOG_COMPILER_APPICON_NAME = AppIcon;
				CODE_SIGN_STYLE = Automatic;
				INFOPLIST_FILE = Home24/Info.plist;
				LD_RUNPATH_SEARCH_PATHS = (
					"$(inherited)",
					"@executable_path/Frameworks",
				);
				PRODUCT_BUNDLE_IDENTIFIER = test.Home24;
				PRODUCT_NAME = "$(TARGET_NAME)";
				SWIFT_VERSION = 4.0;
				TARGETED_DEVICE_FAMILY = "1,2";
			};
			name = Release;
		};
		97DA4EE9210B476600DB0315 /* Debug */ = {
			isa = XCBuildConfiguration;
			buildSettings = {
				ALWAYS_EMBED_SWIFT_STANDARD_LIBRARIES = YES;
				BUNDLE_LOADER = "$(TEST_HOST)";
				CODE_SIGN_STYLE = Automatic;
				INFOPLIST_FILE = Home24Tests/Info.plist;
				LD_RUNPATH_SEARCH_PATHS = (
					"$(inherited)",
					"@executable_path/Frameworks",
					"@loader_path/Frameworks",
				);
				PRODUCT_BUNDLE_IDENTIFIER = test.Home24Tests;
				PRODUCT_NAME = "$(TARGET_NAME)";
				SWIFT_VERSION = 4.0;
				TARGETED_DEVICE_FAMILY = "1,2";
				TEST_HOST = "$(BUILT_PRODUCTS_DIR)/Home24.app/Home24";
			};
			name = Debug;
		};
		97DA4EEA210B476600DB0315 /* Release */ = {
			isa = XCBuildConfiguration;
			buildSettings = {
				ALWAYS_EMBED_SWIFT_STANDARD_LIBRARIES = YES;
				BUNDLE_LOADER = "$(TEST_HOST)";
				CODE_SIGN_STYLE = Automatic;
				INFOPLIST_FILE = Home24Tests/Info.plist;
				LD_RUNPATH_SEARCH_PATHS = (
					"$(inherited)",
					"@executable_path/Frameworks",
					"@loader_path/Frameworks",
				);
				PRODUCT_BUNDLE_IDENTIFIER = test.Home24Tests;
				PRODUCT_NAME = "$(TARGET_NAME)";
				SWIFT_VERSION = 4.0;
				TARGETED_DEVICE_FAMILY = "1,2";
				TEST_HOST = "$(BUILT_PRODUCTS_DIR)/Home24.app/Home24";
			};
			name = Release;
		};
		97DA4EEC210B476600DB0315 /* Debug */ = {
			isa = XCBuildConfiguration;
			buildSettings = {
				ALWAYS_EMBED_SWIFT_STANDARD_LIBRARIES = YES;
				CODE_SIGN_STYLE = Automatic;
				INFOPLIST_FILE = Home24UITests/Info.plist;
				LD_RUNPATH_SEARCH_PATHS = (
					"$(inherited)",
					"@executable_path/Frameworks",
					"@loader_path/Frameworks",
				);
				PRODUCT_BUNDLE_IDENTIFIER = test.Home24UITests;
				PRODUCT_NAME = "$(TARGET_NAME)";
				SWIFT_VERSION = 4.0;
				TARGETED_DEVICE_FAMILY = "1,2";
				TEST_TARGET_NAME = Home24;
			};
			name = Debug;
		};
		97DA4EED210B476600DB0315 /* Release */ = {
			isa = XCBuildConfiguration;
			buildSettings = {
				ALWAYS_EMBED_SWIFT_STANDARD_LIBRARIES = YES;
				CODE_SIGN_STYLE = Automatic;
				INFOPLIST_FILE = Home24UITests/Info.plist;
				LD_RUNPATH_SEARCH_PATHS = (
					"$(inherited)",
					"@executable_path/Frameworks",
					"@loader_path/Frameworks",
				);
				PRODUCT_BUNDLE_IDENTIFIER = test.Home24UITests;
				PRODUCT_NAME = "$(TARGET_NAME)";
				SWIFT_VERSION = 4.0;
				TARGETED_DEVICE_FAMILY = "1,2";
				TEST_TARGET_NAME = Home24;
			};
			name = Release;
		};
/* End XCBuildConfiguration section */

/* Begin XCConfigurationList section */
		97DA4EB5210B476500DB0315 /* Build configuration list for PBXProject "Home24" */ = {
			isa = XCConfigurationList;
			buildConfigurations = (
				97DA4EE3210B476600DB0315 /* Debug */,
				97DA4EE4210B476600DB0315 /* Release */,
			);
			defaultConfigurationIsVisible = 0;
			defaultConfigurationName = Release;
		};
		97DA4EE5210B476600DB0315 /* Build configuration list for PBXNativeTarget "Home24" */ = {
			isa = XCConfigurationList;
			buildConfigurations = (
				97DA4EE6210B476600DB0315 /* Debug */,
				97DA4EE7210B476600DB0315 /* Release */,
			);
			defaultConfigurationIsVisible = 0;
			defaultConfigurationName = Release;
		};
		97DA4EE8210B476600DB0315 /* Build configuration list for PBXNativeTarget "Home24Tests" */ = {
			isa = XCConfigurationList;
			buildConfigurations = (
				97DA4EE9210B476600DB0315 /* Debug */,
				97DA4EEA210B476600DB0315 /* Release */,
			);
			defaultConfigurationIsVisible = 0;
			defaultConfigurationName = Release;
		};
		97DA4EEB210B476600DB0315 /* Build configuration list for PBXNativeTarget "Home24UITests" */ = {
			isa = XCConfigurationList;
			buildConfigurations = (
				97DA4EEC210B476600DB0315 /* Debug */,
				97DA4EED210B476600DB0315 /* Release */,
			);
			defaultConfigurationIsVisible = 0;
			defaultConfigurationName = Release;
		};
/* End XCConfigurationList section */

/* Begin XCVersionGroup section */
		97DA4EC4210B476500DB0315 /* Home24.xcdatamodeld */ = {
			isa = XCVersionGroup;
			children = (
				97DA4EC5210B476500DB0315 /* Home24.xcdatamodel */,
			);
			currentVersion = 97DA4EC5210B476500DB0315 /* Home24.xcdatamodel */;
			path = Home24.xcdatamodeld;
			sourceTree = "<group>";
			versionGroupType = wrapper.xcdatamodel;
		};
/* End XCVersionGroup section */
	};
	rootObject = 97DA4EB2210B476500DB0315 /* Project object */;
}
